
Microsoft Visual Studio Solution File, Format Version 12.00
# Visual Studio Version 17
VisualStudioVersion = 17.14.36603.0 d17.14
MinimumVisualStudioVersion = 10.0.40219.1
Project("{FAE04EC0-301F-11D3-BF4B-00C04F79EFBC}") = "ConsoleApp16", "ConsoleApp16.csproj", "{D4393615-34B6-452E-BC08-F0FEEBF0EC05}"
EndProject
Global
	GlobalSection(SolutionConfigurationPlatforms) = preSolution
		Debug|Any CPU = Debug|Any CPU
		Release|Any CPU = Release|Any CPU
	EndGlobalSection
	GlobalSection(ProjectConfigurationPlatforms) = postSolution
		{D4393615-34B6-452E-BC08-F0FEEBF0EC05}.Debug|Any CPU.ActiveCfg = Debug|Any CPU
		{D4393615-34B6-452E-BC08-F0FEEBF0EC05}.Debug|Any CPU.Build.0 = Debug|Any CPU
		{D4393615-34B6-452E-BC08-F0FEEBF0EC05}.Release|Any CPU.ActiveCfg = Release|Any CPU
		{D4393615-34B6-452E-BC08-F0FEEBF0EC05}.Release|Any CPU.Build.0 = Release|Any CPU
	EndGlobalSection
	GlobalSection(SolutionProperties) = preSolution
		HideSolutionNode = FALSE
	EndGlobalSection
	GlobalSection(ExtensibilityGlobals) = postSolution
		SolutionGuid = {5C833E34-90F8-4FC1-9959-377643BBE86B}
	EndGlobalSection
EndGlobal
